
Microsoft Visual Studio Solution File, Format Version 12.00
# Visual Studio Version 17
VisualStudioVersion = 17.9.34714.143
MinimumVisualStudioVersion = 10.0.40219.1
Project("{2150E333-8FDC-42A3-9474-1A3956D46DE8}") = "lab1", "lab1", "{D38BA58D-7682-4F1F-B228-573A94F8F303}"
EndProject
Project("{2150E333-8FDC-42A3-9474-1A3956D46DE8}") = "lab2", "lab2", "{9075ED23-7E0A-46CF-8C80-2B0851238F87}"
EndProject
Project("{FAE04EC0-301F-11D3-BF4B-00C04F79EFBC}") = "Lab1", "Lab1\Lab1.csproj", "{8787E3DE-82A1-4584-ACC5-B14095E86FC4}"
EndProject
Global
	GlobalSection(SolutionConfigurationPlatforms) = preSolution
		Debug|Any CPU = Debug|Any CPU
		Release|Any CPU = Release|Any CPU
	EndGlobalSection
	GlobalSection(ProjectConfigurationPlatforms) = postSolution
		{8787E3DE-82A1-4584-ACC5-B14095E86FC4}.Debug|Any CPU.ActiveCfg = Debug|Any CPU
		{8787E3DE-82A1-4584-ACC5-B14095E86FC4}.Debug|Any CPU.Build.0 = Debug|Any CPU
		{8787E3DE-82A1-4584-ACC5-B14095E86FC4}.Release|Any CPU.ActiveCfg = Release|Any CPU
		{8787E3DE-82A1-4584-ACC5-B14095E86FC4}.Release|Any CPU.Build.0 = Release|Any CPU
	EndGlobalSection
	GlobalSection(SolutionProperties) = preSolution
		HideSolutionNode = FALSE
	EndGlobalSection
	GlobalSection(NestedProjects) = preSolution
		{8787E3DE-82A1-4584-ACC5-B14095E86FC4} = {D38BA58D-7682-4F1F-B228-573A94F8F303}
	EndGlobalSection
	GlobalSection(ExtensibilityGlobals) = postSolution
		SolutionGuid = {63946532-432F-4CEA-B6BF-84A6D5D69051}
	EndGlobalSection
EndGlobal
